
Microsoft Visual Studio Solution File, Format Version 12.00
# Visual Studio Version 17
VisualStudioVersion = 17.3.32901.215
MinimumVisualStudioVersion = 10.0.40219.1
Project("{FAE04EC0-301F-11D3-BF4B-00C04F79EFBC}") = "Student", "Student\Student.csproj", "{D2EABE12-452E-4E6A-BFDC-C124C15E1D17}"
EndProject
Global
	GlobalSection(SolutionConfigurationPlatforms) = preSolution
		Debug|Any CPU = Debug|Any CPU
		Release|Any CPU = Release|Any CPU
	EndGlobalSection
	GlobalSection(ProjectConfigurationPlatforms) = postSolution
		{D2EABE12-452E-4E6A-BFDC-C124C15E1D17}.Debug|Any CPU.ActiveCfg = Debug|Any CPU
		{D2EABE12-452E-4E6A-BFDC-C124C15E1D17}.Debug|Any CPU.Build.0 = Debug|Any CPU
		{D2EABE12-452E-4E6A-BFDC-C124C15E1D17}.Release|Any CPU.ActiveCfg = Release|Any CPU
		{D2EABE12-452E-4E6A-BFDC-C124C15E1D17}.Release|Any CPU.Build.0 = Release|Any CPU
	EndGlobalSection
	GlobalSection(SolutionProperties) = preSolution
		HideSolutionNode = FALSE
	EndGlobalSection
	GlobalSection(ExtensibilityGlobals) = postSolution
		SolutionGuid = {5401BE6B-0A0E-40EA-80A1-6AD568470269}
	EndGlobalSection
EndGlobal
